
Microsoft Visual Studio Solution File, Format Version 12.00
# Visual Studio Version 17
VisualStudioVersion = 17.9.34728.123
MinimumVisualStudioVersion = 10.0.40219.1
Project("{FAE04EC0-301F-11D3-BF4B-00C04F79EFBC}") = "Printer", "Printer\Printer.csproj", "{6B3E32AF-190D-4870-B253-19CFDBC7CB42}"
EndProject
Global
	GlobalSection(SolutionConfigurationPlatforms) = preSolution
		Debug|Any CPU = Debug|Any CPU
		Release|Any CPU = Release|Any CPU
	EndGlobalSection
	GlobalSection(ProjectConfigurationPlatforms) = postSolution
		{6B3E32AF-190D-4870-B253-19CFDBC7CB42}.Debug|Any CPU.ActiveCfg = Debug|Any CPU
		{6B3E32AF-190D-4870-B253-19CFDBC7CB42}.Debug|Any CPU.Build.0 = Debug|Any CPU
		{6B3E32AF-190D-4870-B253-19CFDBC7CB42}.Release|Any CPU.ActiveCfg = Release|Any CPU
		{6B3E32AF-190D-4870-B253-19CFDBC7CB42}.Release|Any CPU.Build.0 = Release|Any CPU
	EndGlobalSection
	GlobalSection(SolutionProperties) = preSolution
		HideSolutionNode = FALSE
	EndGlobalSection
	GlobalSection(ExtensibilityGlobals) = postSolution
		SolutionGuid = {2B80769A-07FC-47E5-A355-B156DC559BE8}
	EndGlobalSection
EndGlobal
